// !$*UTF8*$!
{
	archiveVersion = 1;
	classes = {
	};
	objectVersion = 77;
	objects = {

/* Begin PBXBuildFile section */
		AA4CCDCC2E7983F200A2F5A7 /* Alamofire in Frameworks */ = {isa = PBXBuildFile; productRef = AA4CCDCB2E7983F200A2F5A7 /* Alamofire */; };
		AA8517AD2E7975E50069FCED /* VehicleCompanion.xctestplan in Resources */ = {isa = PBXBuildFile; fileRef = AA8517AC2E7975E50069FCED /* VehicleCompanion.xctestplan */; };
/* End PBXBuildFile section */

/* Begin PBXContainerItemProxy section */
		AA8517902E7975C10069FCED /* PBXContainerItemProxy */ = {
			isa = PBXContainerItemProxy;
			containerPortal = AA8517782E7975BF0069FCED /* Project object */;
			proxyType = 1;
			remoteGlobalIDString = AA85177F2E7975BF0069FCED;
			remoteInfo = VehicleCompanion;
		};
/* End PBXContainerItemProxy section */

/* Begin PBXFileReference section */
		AA8517802E7975BF0069FCED /* VehicleCompanion.app */ = {isa = PBXFileReference; explicitFileType = wrapper.application; includeInIndex = 0; path = VehicleCompanion.app; sourceTree = BUILT_PRODUCTS_DIR; };
		AA85178F2E7975C10069FCED /* VehicleCompanionTests.xctest */ = {isa = PBXFileReference; explicitFileType = wrapper.cfbundle; includeInIndex = 0; path = VehicleCompanionTests.xctest; sourceTree = BUILT_PRODUCTS_DIR; };
		AA8517AC2E7975E50069FCED /* VehicleCompanion.xctestplan */ = {isa = PBXFileReference; lastKnownFileType = text; path = VehicleCompanion.xctestplan; sourceTree = "<group>"; };
/* End PBXFileReference section */

/* Begin PBXFileSystemSynchronizedBuildFileExceptionSet section */
		AA4CCDE72E79868100A2F5A7 /* Exceptions for "Mocks" folder in "VehicleCompanionTests" target */ = {
			isa = PBXFileSystemSynchronizedBuildFileExceptionSet;
			membershipExceptions = (
				MockURLProtocol.swift,
				POIMock.swift,
			);
			target = AA85178E2E7975C10069FCED /* VehicleCompanionTests */;
		};
		AA4CCDEE2E798B2A00A2F5A7 /* Exceptions for "Networking" folder in "VehicleCompanionTests" target */ = {
			isa = PBXFileSystemSynchronizedBuildFileExceptionSet;
			membershipExceptions = (
				POIRepositoryTests.swift,
			);
			target = AA85178E2E7975C10069FCED /* VehicleCompanionTests */;
		};
/* End PBXFileSystemSynchronizedBuildFileExceptionSet section */

/* Begin PBXFileSystemSynchronizedRootGroup section */
		AA4CCDE12E79866500A2F5A7 /* Mocks */ = {
			isa = PBXFileSystemSynchronizedRootGroup;
			exceptions = (
				AA4CCDE72E79868100A2F5A7 /* Exceptions for "Mocks" folder in "VehicleCompanionTests" target */,
			);
			path = Mocks;
			sourceTree = "<group>";
		};
		AA4CCDEA2E798B1700A2F5A7 /* Networking */ = {
			isa = PBXFileSystemSynchronizedRootGroup;
			exceptions = (
				AA4CCDEE2E798B2A00A2F5A7 /* Exceptions for "Networking" folder in "VehicleCompanionTests" target */,
			);
			path = Networking;
			sourceTree = "<group>";
		};
		AA8517822E7975BF0069FCED /* VehicleCompanion */ = {
			isa = PBXFileSystemSynchronizedRootGroup;
			path = VehicleCompanion;
			sourceTree = "<group>";
		};
/* End PBXFileSystemSynchronizedRootGroup section */

/* Begin PBXFrameworksBuildPhase section */
		AA85177D2E7975BF0069FCED /* Frameworks */ = {
			isa = PBXFrameworksBuildPhase;
			buildActionMask = 2147483647;
			files = (
				AA4CCDCC2E7983F200A2F5A7 /* Alamofire in Frameworks */,
			);
			runOnlyForDeploymentPostprocessing = 0;
		};
		AA85178C2E7975C10069FCED /* Frameworks */ = {
			isa = PBXFrameworksBuildPhase;
			buildActionMask = 2147483647;
			files = (
			);
			runOnlyForDeploymentPostprocessing = 0;
		};
/* End PBXFrameworksBuildPhase section */

/* Begin PBXGroup section */
		AA4CCDCF2E7983FB00A2F5A7 /* Frameworks */ = {
			isa = PBXGroup;
			children = (
			);
			name = Frameworks;
			sourceTree = "<group>";
		};
		AA4CCDD22E79844A00A2F5A7 /* VehicleCompanionTests */ = {
			isa = PBXGroup;
			children = (
				AA4CCDEA2E798B1700A2F5A7 /* Networking */,
				AA4CCDE12E79866500A2F5A7 /* Mocks */,
			);
			name = VehicleCompanionTests;
			sourceTree = "<group>";
		};
		AA8517772E7975BF0069FCED = {
			isa = PBXGroup;
			children = (
				AA8517AC2E7975E50069FCED /* VehicleCompanion.xctestplan */,
				AA8517822E7975BF0069FCED /* VehicleCompanion */,
				AA4CCDCF2E7983FB00A2F5A7 /* Frameworks */,
				AA4CCDD22E79844A00A2F5A7 /* VehicleCompanionTests */,
				AA8517812E7975BF0069FCED /* Products */,
			);
			sourceTree = "<group>";
		};
		AA8517812E7975BF0069FCED /* Products */ = {
			isa = PBXGroup;
			children = (
				AA8517802E7975BF0069FCED /* VehicleCompanion.app */,
				AA85178F2E7975C10069FCED /* VehicleCompanionTests.xctest */,
			);
			name = Products;
			sourceTree = "<group>";
		};
/* End PBXGroup section */

/* Begin PBXNativeTarget section */
		AA85177F2E7975BF0069FCED /* VehicleCompanion */ = {
			isa = PBXNativeTarget;
			buildConfigurationList = AA8517A32E7975C10069FCED /* Build configuration list for PBXNativeTarget "VehicleCompanion" */;
			buildPhases = (
				AA85177C2E7975BF0069FCED /* Sources */,
				AA85177D2E7975BF0069FCED /* Frameworks */,
				AA85177E2E7975BF0069FCED /* Resources */,
			);
			buildRules = (
			);
			dependencies = (
			);
			fileSystemSynchronizedGroups = (
				AA8517822E7975BF0069FCED /* VehicleCompanion */,
			);
			name = VehicleCompanion;
			packageProductDependencies = (
				AA4CCDCB2E7983F200A2F5A7 /* Alamofire */,
			);
			productName = VehicleCompanion;
			productReference = AA8517802E7975BF0069FCED /* VehicleCompanion.app */;
			productType = "com.apple.product-type.application";
		};
		AA85178E2E7975C10069FCED /* VehicleCompanionTests */ = {
			isa = PBXNativeTarget;
			buildConfigurationList = AA8517A62E7975C10069FCED /* Build configuration list for PBXNativeTarget "VehicleCompanionTests" */;
			buildPhases = (
				AA85178B2E7975C10069FCED /* Sources */,
				AA85178C2E7975C10069FCED /* Frameworks */,
				AA85178D2E7975C10069FCED /* Resources */,
			);
			buildRules = (
			);
			dependencies = (
				AA8517912E7975C10069FCED /* PBXTargetDependency */,
			);
			name = VehicleCompanionTests;
			packageProductDependencies = (
			);
			productName = VehicleCompanionTests;
			productReference = AA85178F2E7975C10069FCED /* VehicleCompanionTests.xctest */;
			productType = "com.apple.product-type.bundle.unit-test";
		};
/* End PBXNativeTarget section */

/* Begin PBXProject section */
		AA8517782E7975BF0069FCED /* Project object */ = {
			isa = PBXProject;
			attributes = {
				BuildIndependentTargetsInParallel = 1;
				LastSwiftUpdateCheck = 1640;
				LastUpgradeCheck = 1640;
				TargetAttributes = {
					AA85177F2E7975BF0069FCED = {
						CreatedOnToolsVersion = 16.4;
					};
					AA85178E2E7975C10069FCED = {
						CreatedOnToolsVersion = 16.4;
						TestTargetID = AA85177F2E7975BF0069FCED;
					};
				};
			};
			buildConfigurationList = AA85177B2E7975BF0069FCED /* Build configuration list for PBXProject "VehicleCompanion" */;
			developmentRegion = en;
			hasScannedForEncodings = 0;
			knownRegions = (
				en,
				Base,
			);
			mainGroup = AA8517772E7975BF0069FCED;
			minimizedProjectReferenceProxies = 1;
			packageReferences = (
				AA4CCDCA2E7983F200A2F5A7 /* XCRemoteSwiftPackageReference "Alamofire" */,
			);
			preferredProjectObjectVersion = 77;
			productRefGroup = AA8517812E7975BF0069FCED /* Products */;
			projectDirPath = "";
			projectRoot = "";
			targets = (
				AA85177F2E7975BF0069FCED /* VehicleCompanion */,
				AA85178E2E7975C10069FCED /* VehicleCompanionTests */,
			);
		};
/* End PBXProject section */

/* Begin PBXResourcesBuildPhase section */
		AA85177E2E7975BF0069FCED /* Resources */ = {
			isa = PBXResourcesBuildPhase;
			buildActionMask = 2147483647;
			files = (
				AA8517AD2E7975E50069FCED /* VehicleCompanion.xctestplan in Resources */,
			);
			runOnlyForDeploymentPostprocessing = 0;
		};
		AA85178D2E7975C10069FCED /* Resources */ = {
			isa = PBXResourcesBuildPhase;
			buildActionMask = 2147483647;
			files = (
			);
			runOnlyForDeploymentPostprocessing = 0;
		};
/* End PBXResourcesBuildPhase section */

/* Begin PBXSourcesBuildPhase section */
		AA85177C2E7975BF0069FCED /* Sources */ = {
			isa = PBXSourcesBuildPhase;
			buildActionMask = 2147483647;
			files = (
			);
			runOnlyForDeploymentPostprocessing = 0;
		};
		AA85178B2E7975C10069FCED /* Sources */ = {
			isa = PBXSourcesBuildPhase;
			buildActionMask = 2147483647;
			files = (
			);
			runOnlyForDeploymentPostprocessing = 0;
		};
/* End PBXSourcesBuildPhase section */

/* Begin PBXTargetDependency section */
		AA8517912E7975C10069FCED /* PBXTargetDependency */ = {
			isa = PBXTargetDependency;
			target = AA85177F2E7975BF0069FCED /* VehicleCompanion */;
			targetProxy = AA8517902E7975C10069FCED /* PBXContainerItemProxy */;
		};
/* End PBXTargetDependency section */

/* Begin XCBuildConfiguration section */
		AA8517A12E7975C10069FCED /* Debug */ = {
			isa = XCBuildConfiguration;
			buildSettings = {
				ALWAYS_SEARCH_USER_PATHS = NO;
				ASSETCATALOG_COMPILER_GENERATE_SWIFT_ASSET_SYMBOL_EXTENSIONS = YES;
				CLANG_ANALYZER_NONNULL = YES;
				CLANG_ANALYZER_NUMBER_OBJECT_CONVERSION = YES_AGGRESSIVE;
				CLANG_CXX_LANGUAGE_STANDARD = "gnu++20";
				CLANG_ENABLE_MODULES = YES;
				CLANG_ENABLE_OBJC_ARC = YES;
				CLANG_ENABLE_OBJC_WEAK = YES;
				CLANG_WARN_BLOCK_CAPTURE_AUTORELEASING = YES;
				CLANG_WARN_BOOL_CONVERSION = YES;
				CLANG_WARN_COMMA = YES;
				CLANG_WARN_CONSTANT_CONVERSION = YES;
				CLANG_WARN_DEPRECATED_OBJC_IMPLEMENTATIONS = YES;
				CLANG_WARN_DIRECT_OBJC_ISA_USAGE = YES_ERROR;
				CLANG_WARN_DOCUMENTATION_COMMENTS = YES;
				CLANG_WARN_EMPTY_BODY = YES;
				CLANG_WARN_ENUM_CONVERSION = YES;
				CLANG_WARN_INFINITE_RECURSION = YES;
				CLANG_WARN_INT_CONVERSION = YES;
				CLANG_WARN_NON_LITERAL_NULL_CONVERSION = YES;
				CLANG_WARN_OBJC_IMPLICIT_RETAIN_SELF = YES;
				CLANG_WARN_OBJC_LITERAL_CONVERSION = YES;
				CLANG_WARN_OBJC_ROOT_CLASS = YES_ERROR;
				CLANG_WARN_QUOTED_INCLUDE_IN_FRAMEWORK_HEADER = YES;
				CLANG_WARN_RANGE_LOOP_ANALYSIS = YES;
				CLANG_WARN_STRICT_PROTOTYPES = YES;
				CLANG_WARN_SUSPICIOUS_MOVE = YES;
				CLANG_WARN_UNGUARDED_AVAILABILITY = YES_AGGRESSIVE;
				CLANG_WARN_UNREACHABLE_CODE = YES;
				CLANG_WARN__DUPLICATE_METHOD_MATCH = YES;
				COPY_PHASE_STRIP = NO;
				DEBUG_INFORMATION_FORMAT = dwarf;
				DEVELOPMENT_TEAM = WBF3NGZM3B;
				ENABLE_STRICT_OBJC_MSGSEND = YES;
				ENABLE_TESTABILITY = YES;
				ENABLE_USER_SCRIPT_SANDBOXING = YES;
				GCC_C_LANGUAGE_STANDARD = gnu17;
				GCC_DYNAMIC_NO_PIC = NO;
				GCC_NO_COMMON_BLOCKS = YES;
				GCC_OPTIMIZATION_LEVEL = 0;
				GCC_PREPROCESSOR_DEFINITIONS = (
					"DEBUG=1",
					"$(inherited)",
				);
				GCC_WARN_64_TO_32_BIT_CONVERSION = YES;
				GCC_WARN_ABOUT_RETURN_TYPE = YES_ERROR;
				GCC_WARN_UNDECLARED_SELECTOR = YES;
				GCC_WARN_UNINITIALIZED_AUTOS = YES_AGGRESSIVE;
				GCC_WARN_UNUSED_FUNCTION = YES;
				GCC_WARN_UNUSED_VARIABLE = YES;
				IPHONEOS_DEPLOYMENT_TARGET = 18.5;
				LOCALIZATION_PREFERS_STRING_CATALOGS = YES;
				MTL_ENABLE_DEBUG_INFO = INCLUDE_SOURCE;
				MTL_FAST_MATH = YES;
				ONLY_ACTIVE_ARCH = YES;
				SDKROOT = iphoneos;
				SWIFT_ACTIVE_COMPILATION_CONDITIONS = "DEBUG $(inherited)";
				SWIFT_OPTIMIZATION_LEVEL = "-Onone";
			};
			name = Debug;
		};
		AA8517A22E7975C10069FCED /* Release */ = {
			isa = XCBuildConfiguration;
			buildSettings = {
				ALWAYS_SEARCH_USER_PATHS = NO;
				ASSETCATALOG_COMPILER_GENERATE_SWIFT_ASSET_SYMBOL_EXTENSIONS = YES;
				CLANG_ANALYZER_NONNULL = YES;
				CLANG_ANALYZER_NUMBER_OBJECT_CONVERSION = YES_AGGRESSIVE;
				CLANG_CXX_LANGUAGE_STANDARD = "gnu++20";
				CLANG_ENABLE_MODULES = YES;
				CLANG_ENABLE_OBJC_ARC = YES;
				CLANG_ENABLE_OBJC_WEAK = YES;
				CLANG_WARN_BLOCK_CAPTURE_AUTORELEASING = YES;
				CLANG_WARN_BOOL_CONVERSION = YES;
				CLANG_WARN_COMMA = YES;
				CLANG_WARN_CONSTANT_CONVERSION = YES;
				CLANG_WARN_DEPRECATED_OBJC_IMPLEMENTATIONS = YES;
				CLANG_WARN_DIRECT_OBJC_ISA_USAGE = YES_ERROR;
				CLANG_WARN_DOCUMENTATION_COMMENTS = YES;
				CLANG_WARN_EMPTY_BODY = YES;
				CLANG_WARN_ENUM_CONVERSION = YES;
				CLANG_WARN_INFINITE_RECURSION = YES;
				CLANG_WARN_INT_CONVERSION = YES;
				CLANG_WARN_NON_LITERAL_NULL_CONVERSION = YES;
				CLANG_WARN_OBJC_IMPLICIT_RETAIN_SELF = YES;
				CLANG_WARN_OBJC_LITERAL_CONVERSION = YES;
				CLANG_WARN_OBJC_ROOT_CLASS = YES_ERROR;
				CLANG_WARN_QUOTED_INCLUDE_IN_FRAMEWORK_HEADER = YES;
				CLANG_WARN_RANGE_LOOP_ANALYSIS = YES;
				CLANG_WARN_STRICT_PROTOTYPES = YES;
				CLANG_WARN_SUSPICIOUS_MOVE = YES;
				CLANG_WARN_UNGUARDED_AVAILABILITY = YES_AGGRESSIVE;
				CLANG_WARN_UNREACHABLE_CODE = YES;
				CLANG_WARN__DUPLICATE_METHOD_MATCH = YES;
				COPY_PHASE_STRIP = NO;
				DEBUG_INFORMATION_FORMAT = "dwarf-with-dsym";
				DEVELOPMENT_TEAM = WBF3NGZM3B;
				ENABLE_NS_ASSERTIONS = NO;
				ENABLE_STRICT_OBJC_MSGSEND = YES;
				ENABLE_USER_SCRIPT_SANDBOXING = YES;
				GCC_C_LANGUAGE_STANDARD = gnu17;
				GCC_NO_COMMON_BLOCKS = YES;
				GCC_WARN_64_TO_32_BIT_CONVERSION = YES;
				GCC_WARN_ABOUT_RETURN_TYPE = YES_ERROR;
				GCC_WARN_UNDECLARED_SELECTOR = YES;
				GCC_WARN_UNINITIALIZED_AUTOS = YES_AGGRESSIVE;
				GCC_WARN_UNUSED_FUNCTION = YES;
				GCC_WARN_UNUSED_VARIABLE = YES;
				IPHONEOS_DEPLOYMENT_TARGET = 18.5;
				LOCALIZATION_PREFERS_STRING_CATALOGS = YES;
				MTL_ENABLE_DEBUG_INFO = NO;
				MTL_FAST_MATH = YES;
				SDKROOT = iphoneos;
				SWIFT_COMPILATION_MODE = wholemodule;
				VALIDATE_PRODUCT = YES;
			};
			name = Release;
		};
		AA8517A42E7975C10069FCED /* Debug */ = {
			isa = XCBuildConfiguration;
			buildSettings = {
				ASSETCATALOG_COMPILER_APPICON_NAME = AppIcon;
				ASSETCATALOG_COMPILER_GLOBAL_ACCENT_COLOR_NAME = AccentColor;
				CODE_SIGN_STYLE = Automatic;
				CURRENT_PROJECT_VERSION = 1;
				DEVELOPMENT_TEAM = WBF3NGZM3B;
				ENABLE_PREVIEWS = YES;
				GENERATE_INFOPLIST_FILE = YES;
				INFOPLIST_KEY_UIApplicationSceneManifest_Generation = YES;
				INFOPLIST_KEY_UIApplicationSupportsIndirectInputEvents = YES;
				INFOPLIST_KEY_UILaunchScreen_Generation = YES;
				INFOPLIST_KEY_UISupportedInterfaceOrientations_iPad = "UIInterfaceOrientationPortrait UIInterfaceOrientationPortraitUpsideDown UIInterfaceOrientationLandscapeLeft UIInterfaceOrientationLandscapeRight";
				INFOPLIST_KEY_UISupportedInterfaceOrientations_iPhone = "UIInterfaceOrientationPortrait UIInterfaceOrientationLandscapeLeft UIInterfaceOrientationLandscapeRight";
				IPHONEOS_DEPLOYMENT_TARGET = 17.0;
				LD_RUNPATH_SEARCH_PATHS = (
					"$(inherited)",
					"@executable_path/Frameworks",
				);
				MARKETING_VERSION = 1.0;
				PRODUCT_BUNDLE_IDENTIFIER = com.yordan.kenarov.VehicleCompanion;
				PRODUCT_NAME = "$(TARGET_NAME)";
				SWIFT_EMIT_LOC_STRINGS = YES;
				SWIFT_VERSION = 5.0;
				TARGETED_DEVICE_FAMILY = "1,2";
			};
			name = Debug;
		};
		AA8517A52E7975C10069FCED /* Release */ = {
			isa = XCBuildConfiguration;
			buildSettings = {
				ASSETCATALOG_COMPILER_APPICON_NAME = AppIcon;
				ASSETCATALOG_COMPILER_GLOBAL_ACCENT_COLOR_NAME = AccentColor;
				CODE_SIGN_STYLE = Automatic;
				CURRENT_PROJECT_VERSION = 1;
				DEVELOPMENT_TEAM = WBF3NGZM3B;
				ENABLE_PREVIEWS = YES;
				GENERATE_INFOPLIST_FILE = YES;
				INFOPLIST_KEY_UIApplicationSceneManifest_Generation = YES;
				INFOPLIST_KEY_UIApplicationSupportsIndirectInputEvents = YES;
				INFOPLIST_KEY_UILaunchScreen_Generation = YES;
				INFOPLIST_KEY_UISupportedInterfaceOrientations_iPad = "UIInterfaceOrientationPortrait UIInterfaceOrientationPortraitUpsideDown UIInterfaceOrientationLandscapeLeft UIInterfaceOrientationLandscapeRight";
				INFOPLIST_KEY_UISupportedInterfaceOrientations_iPhone = "UIInterfaceOrientationPortrait UIInterfaceOrientationLandscapeLeft UIInterfaceOrientationLandscapeRight";
				IPHONEOS_DEPLOYMENT_TARGET = 17.0;
				LD_RUNPATH_SEARCH_PATHS = (
					"$(inherited)",
					"@executable_path/Frameworks",
				);
				MARKETING_VERSION = 1.0;
				PRODUCT_BUNDLE_IDENTIFIER = com.yordan.kenarov.VehicleCompanion;
				PRODUCT_NAME = "$(TARGET_NAME)";
				SWIFT_EMIT_LOC_STRINGS = YES;
				SWIFT_VERSION = 5.0;
				TARGETED_DEVICE_FAMILY = "1,2";
			};
			name = Release;
		};
		AA8517A72E7975C10069FCED /* Debug */ = {
			isa = XCBuildConfiguration;
			buildSettings = {
				BUNDLE_LOADER = "$(TEST_HOST)";
				CODE_SIGN_STYLE = Automatic;
				CURRENT_PROJECT_VERSION = 1;
				DEVELOPMENT_TEAM = WBF3NGZM3B;
				GENERATE_INFOPLIST_FILE = YES;
				IPHONEOS_DEPLOYMENT_TARGET = 17.0;
				MARKETING_VERSION = 1.0;
				PRODUCT_BUNDLE_IDENTIFIER = com.yordan.kenarov.VehicleCompanionTests;
				PRODUCT_NAME = "$(TARGET_NAME)";
				SUPPORTED_PLATFORMS = "iphoneos iphonesimulator";
				SUPPORTS_MACCATALYST = NO;
				SUPPORTS_MAC_DESIGNED_FOR_IPHONE_IPAD = NO;
				SUPPORTS_XR_DESIGNED_FOR_IPHONE_IPAD = NO;
				SWIFT_EMIT_LOC_STRINGS = NO;
				SWIFT_VERSION = 5.0;
				TARGETED_DEVICE_FAMILY = 1;
				TEST_HOST = "$(BUILT_PRODUCTS_DIR)/VehicleCompanion.app/$(BUNDLE_EXECUTABLE_FOLDER_PATH)/VehicleCompanion";
			};
			name = Debug;
		};
		AA8517A82E7975C10069FCED /* Release */ = {
			isa = XCBuildConfiguration;
			buildSettings = {
				BUNDLE_LOADER = "$(TEST_HOST)";
				CODE_SIGN_STYLE = Automatic;
				CURRENT_PROJECT_VERSION = 1;
				DEVELOPMENT_TEAM = WBF3NGZM3B;
				GENERATE_INFOPLIST_FILE = YES;
				IPHONEOS_DEPLOYMENT_TARGET = 17.0;
				MARKETING_VERSION = 1.0;
				PRODUCT_BUNDLE_IDENTIFIER = com.yordan.kenarov.VehicleCompanionTests;
				PRODUCT_NAME = "$(TARGET_NAME)";
				SUPPORTED_PLATFORMS = "iphoneos iphonesimulator";
				SUPPORTS_MACCATALYST = NO;
				SUPPORTS_MAC_DESIGNED_FOR_IPHONE_IPAD = NO;
				SUPPORTS_XR_DESIGNED_FOR_IPHONE_IPAD = NO;
				SWIFT_EMIT_LOC_STRINGS = NO;
				SWIFT_VERSION = 5.0;
				TARGETED_DEVICE_FAMILY = 1;
				TEST_HOST = "$(BUILT_PRODUCTS_DIR)/VehicleCompanion.app/$(BUNDLE_EXECUTABLE_FOLDER_PATH)/VehicleCompanion";
			};
			name = Release;
		};
/* End XCBuildConfiguration section */

/* Begin XCConfigurationList section */
		AA85177B2E7975BF0069FCED /* Build configuration list for PBXProject "VehicleCompanion" */ = {
			isa = XCConfigurationList;
			buildConfigurations = (
				AA8517A12E7975C10069FCED /* Debug */,
				AA8517A22E7975C10069FCED /* Release */,
			);
			defaultConfigurationIsVisible = 0;
			defaultConfigurationName = Release;
		};
		AA8517A32E7975C10069FCED /* Build configuration list for PBXNativeTarget "VehicleCompanion" */ = {
			isa = XCConfigurationList;
			buildConfigurations = (
				AA8517A42E7975C10069FCED /* Debug */,
				AA8517A52E7975C10069FCED /* Release */,
			);
			defaultConfigurationIsVisible = 0;
			defaultConfigurationName = Release;
		};
		AA8517A62E7975C10069FCED /* Build configuration list for PBXNativeTarget "VehicleCompanionTests" */ = {
			isa = XCConfigurationList;
			buildConfigurations = (
				AA8517A72E7975C10069FCED /* Debug */,
				AA8517A82E7975C10069FCED /* Release */,
			);
			defaultConfigurationIsVisible = 0;
			defaultConfigurationName = Release;
		};
/* End XCConfigurationList section */

/* Begin XCRemoteSwiftPackageReference section */
		AA4CCDCA2E7983F200A2F5A7 /* XCRemoteSwiftPackageReference "Alamofire" */ = {
			isa = XCRemoteSwiftPackageReference;
			repositoryURL = "https://github.com/Alamofire/Alamofire";
			requirement = {
				kind = upToNextMajorVersion;
				minimumVersion = 5.10.2;
			};
		};
/* End XCRemoteSwiftPackageReference section */

/* Begin XCSwiftPackageProductDependency section */
		AA4CCDCB2E7983F200A2F5A7 /* Alamofire */ = {
			isa = XCSwiftPackageProductDependency;
			package = AA4CCDCA2E7983F200A2F5A7 /* XCRemoteSwiftPackageReference "Alamofire" */;
			productName = Alamofire;
		};
/* End XCSwiftPackageProductDependency section */
	};
	rootObject = AA8517782E7975BF0069FCED /* Project object */;
}
